
Microsoft Visual Studio Solution File, Format Version 12.00
# Visual Studio Version 17
VisualStudioVersion = 17.3.32929.385
MinimumVisualStudioVersion = 10.0.40219.1
Project("{FAE04EC0-301F-11D3-BF4B-00C04F79EFBC}") = "bootcamp_CSharp_lesson_9", "bootcamp_CSharp_lesson_9\bootcamp_CSharp_lesson_9.csproj", "{18DC2C26-AFBD-4EB0-B495-5DFE9BF50301}"
EndProject
Global
	GlobalSection(SolutionConfigurationPlatforms) = preSolution
		Debug|Any CPU = Debug|Any CPU
		Release|Any CPU = Release|Any CPU
	EndGlobalSection
	GlobalSection(ProjectConfigurationPlatforms) = postSolution
		{18DC2C26-AFBD-4EB0-B495-5DFE9BF50301}.Debug|Any CPU.ActiveCfg = Debug|Any CPU
		{18DC2C26-AFBD-4EB0-B495-5DFE9BF50301}.Debug|Any CPU.Build.0 = Debug|Any CPU
		{18DC2C26-AFBD-4EB0-B495-5DFE9BF50301}.Release|Any CPU.ActiveCfg = Release|Any CPU
		{18DC2C26-AFBD-4EB0-B495-5DFE9BF50301}.Release|Any CPU.Build.0 = Release|Any CPU
	EndGlobalSection
	GlobalSection(SolutionProperties) = preSolution
		HideSolutionNode = FALSE
	EndGlobalSection
	GlobalSection(ExtensibilityGlobals) = postSolution
		SolutionGuid = {65DF806F-73B7-4B8B-896B-50207948B651}
	EndGlobalSection
EndGlobal
